
Microsoft Visual Studio Solution File, Format Version 12.00
# Visual Studio Version 17
VisualStudioVersion = 17.5.33530.505
MinimumVisualStudioVersion = 10.0.40219.1
Project("{9A19103F-16F7-4668-BE54-9A1E7A4F7556}") = "HotelManagement1", "HotelManagement1\HotelManagement1.csproj", "{7C7BD555-3AA3-4236-AA9B-10103A0B671D}"
EndProject
Project("{9A19103F-16F7-4668-BE54-9A1E7A4F7556}") = "Domain", "Domain\Domain.csproj", "{F72C4976-4A5E-4031-B8F8-9E165E47E1B7}"
EndProject
Project("{9A19103F-16F7-4668-BE54-9A1E7A4F7556}") = "Application", "Application\Application.csproj", "{80E1937F-6720-4390-AC19-C5E32C3D8747}"
EndProject
Project("{9A19103F-16F7-4668-BE54-9A1E7A4F7556}") = "Infrastructure", "Infrastructure\Infrastructure.csproj", "{1F77F06D-E37A-4FCE-B054-554CFF0725DE}"
EndProject
Global
	GlobalSection(SolutionConfigurationPlatforms) = preSolution
		Debug|Any CPU = Debug|Any CPU
		Release|Any CPU = Release|Any CPU
	EndGlobalSection
	GlobalSection(ProjectConfigurationPlatforms) = postSolution
		{7C7BD555-3AA3-4236-AA9B-10103A0B671D}.Debug|Any CPU.ActiveCfg = Debug|Any CPU
		{7C7BD555-3AA3-4236-AA9B-10103A0B671D}.Debug|Any CPU.Build.0 = Debug|Any CPU
		{7C7BD555-3AA3-4236-AA9B-10103A0B671D}.Release|Any CPU.ActiveCfg = Release|Any CPU
		{7C7BD555-3AA3-4236-AA9B-10103A0B671D}.Release|Any CPU.Build.0 = Release|Any CPU
		{F72C4976-4A5E-4031-B8F8-9E165E47E1B7}.Debug|Any CPU.ActiveCfg = Debug|Any CPU
		{F72C4976-4A5E-4031-B8F8-9E165E47E1B7}.Debug|Any CPU.Build.0 = Debug|Any CPU
		{F72C4976-4A5E-4031-B8F8-9E165E47E1B7}.Release|Any CPU.ActiveCfg = Release|Any CPU
		{F72C4976-4A5E-4031-B8F8-9E165E47E1B7}.Release|Any CPU.Build.0 = Release|Any CPU
		{80E1937F-6720-4390-AC19-C5E32C3D8747}.Debug|Any CPU.ActiveCfg = Debug|Any CPU
		{80E1937F-6720-4390-AC19-C5E32C3D8747}.Debug|Any CPU.Build.0 = Debug|Any CPU
		{80E1937F-6720-4390-AC19-C5E32C3D8747}.Release|Any CPU.ActiveCfg = Release|Any CPU
		{80E1937F-6720-4390-AC19-C5E32C3D8747}.Release|Any CPU.Build.0 = Release|Any CPU
		{1F77F06D-E37A-4FCE-B054-554CFF0725DE}.Debug|Any CPU.ActiveCfg = Debug|Any CPU
		{1F77F06D-E37A-4FCE-B054-554CFF0725DE}.Debug|Any CPU.Build.0 = Debug|Any CPU
		{1F77F06D-E37A-4FCE-B054-554CFF0725DE}.Release|Any CPU.ActiveCfg = Release|Any CPU
		{1F77F06D-E37A-4FCE-B054-554CFF0725DE}.Release|Any CPU.Build.0 = Release|Any CPU
	EndGlobalSection
	GlobalSection(SolutionProperties) = preSolution
		HideSolutionNode = FALSE
	EndGlobalSection
	GlobalSection(ExtensibilityGlobals) = postSolution
		SolutionGuid = {4B1BE580-7D6F-436B-BE91-FEA95D64F89B}
	EndGlobalSection
EndGlobal
